
Microsoft Visual Studio Solution File, Format Version 12.00
# Visual Studio Version 17
VisualStudioVersion = 17.1.31911.260
MinimumVisualStudioVersion = 10.0.40219.1
Project("{FAE04EC0-301F-11D3-BF4B-00C04F79EFBC}") = "JoyAssetBuilder", "JoyAssetBuilder\AssetBuilderGui\JoyAssetBuilder.csproj", "{2263DCA1-D3D7-464F-AC94-5604BB8987BC}"
	ProjectSection(ProjectDependencies) = postProject
		{24610BCE-CEF1-48BA-AD69-D020E6318C0D} = {24610BCE-CEF1-48BA-AD69-D020E6318C0D}
	EndProjectSection
EndProject
Project("{8BC9CEB8-8B4A-11D0-8D11-00A0C91BC942}") = "AssetBuilderLib", "JoyAssetBuilder\AssetBuilderLib\AssetBuilderLib.vcxproj", "{24610BCE-CEF1-48BA-AD69-D020E6318C0D}"
EndProject
Global
	GlobalSection(SolutionConfigurationPlatforms) = preSolution
		Debug|Any CPU = Debug|Any CPU
		Debug|x64 = Debug|x64
		Debug|x86 = Debug|x86
		Release|Any CPU = Release|Any CPU
		Release|x64 = Release|x64
		Release|x86 = Release|x86
	EndGlobalSection
	GlobalSection(ProjectConfigurationPlatforms) = postSolution
		{2263DCA1-D3D7-464F-AC94-5604BB8987BC}.Debug|Any CPU.ActiveCfg = Debug|Any CPU
		{2263DCA1-D3D7-464F-AC94-5604BB8987BC}.Debug|Any CPU.Build.0 = Debug|Any CPU
		{2263DCA1-D3D7-464F-AC94-5604BB8987BC}.Debug|x64.ActiveCfg = Debug|Any CPU
		{2263DCA1-D3D7-464F-AC94-5604BB8987BC}.Debug|x64.Build.0 = Debug|Any CPU
		{2263DCA1-D3D7-464F-AC94-5604BB8987BC}.Debug|x86.ActiveCfg = Debug|Any CPU
		{2263DCA1-D3D7-464F-AC94-5604BB8987BC}.Debug|x86.Build.0 = Debug|Any CPU
		{2263DCA1-D3D7-464F-AC94-5604BB8987BC}.Release|Any CPU.ActiveCfg = Release|Any CPU
		{2263DCA1-D3D7-464F-AC94-5604BB8987BC}.Release|Any CPU.Build.0 = Release|Any CPU
		{2263DCA1-D3D7-464F-AC94-5604BB8987BC}.Release|x64.ActiveCfg = Release|Any CPU
		{2263DCA1-D3D7-464F-AC94-5604BB8987BC}.Release|x64.Build.0 = Release|Any CPU
		{2263DCA1-D3D7-464F-AC94-5604BB8987BC}.Release|x86.ActiveCfg = Release|Any CPU
		{2263DCA1-D3D7-464F-AC94-5604BB8987BC}.Release|x86.Build.0 = Release|Any CPU
		{24610BCE-CEF1-48BA-AD69-D020E6318C0D}.Debug|Any CPU.ActiveCfg = Debug|x64
		{24610BCE-CEF1-48BA-AD69-D020E6318C0D}.Debug|Any CPU.Build.0 = Debug|x64
		{24610BCE-CEF1-48BA-AD69-D020E6318C0D}.Debug|x64.ActiveCfg = Debug|x64
		{24610BCE-CEF1-48BA-AD69-D020E6318C0D}.Debug|x64.Build.0 = Debug|x64
		{24610BCE-CEF1-48BA-AD69-D020E6318C0D}.Debug|x86.ActiveCfg = Debug|Win32
		{24610BCE-CEF1-48BA-AD69-D020E6318C0D}.Debug|x86.Build.0 = Debug|Win32
		{24610BCE-CEF1-48BA-AD69-D020E6318C0D}.Release|Any CPU.ActiveCfg = Release|x64
		{24610BCE-CEF1-48BA-AD69-D020E6318C0D}.Release|Any CPU.Build.0 = Release|x64
		{24610BCE-CEF1-48BA-AD69-D020E6318C0D}.Release|x64.ActiveCfg = Release|x64
		{24610BCE-CEF1-48BA-AD69-D020E6318C0D}.Release|x64.Build.0 = Release|x64
		{24610BCE-CEF1-48BA-AD69-D020E6318C0D}.Release|x86.ActiveCfg = Release|Win32
		{24610BCE-CEF1-48BA-AD69-D020E6318C0D}.Release|x86.Build.0 = Release|Win32
	EndGlobalSection
	GlobalSection(SolutionProperties) = preSolution
		HideSolutionNode = FALSE
	EndGlobalSection
	GlobalSection(ExtensibilityGlobals) = postSolution
		SolutionGuid = {ACEB34E0-C045-40A2-A5BB-B2CECDE26FAB}
	EndGlobalSection
EndGlobal
