<?xml version="1.0" encoding="utf-8"?>
<Project ToolsVersion="4.0" xmlns="http://schemas.microsoft.com/developer/msbuild/2003">
  <ItemGroup>
    <Filter Include="Source Files">
      <UniqueIdentifier>{4FC737F1-C7A5-4376-A066-2A32D752A2FF}</UniqueIdentifier>
      <Extensions>cpp;c;cc;cxx;c++;cppm;ixx;def;odl;idl;hpj;bat;asm;asmx</Extensions>
    </Filter>
    <Filter Include="Header Files">
      <UniqueIdentifier>{93995380-89BD-4b04-88EB-625FBE52EBFB}</UniqueIdentifier>
      <Extensions>h;hh;hpp;hxx;h++;hm;inl;inc;ipp;xsd</Extensions>
    </Filter>
    <Filter Include="Resource Files">
      <UniqueIdentifier>{67DA6AB6-F800-4c08-8B7A-83BB121AAD01}</UniqueIdentifier>
      <Extensions>rc;ico;cur;bmp;dlg;rc2;rct;bin;rgs;gif;jpg;jpeg;jpe;resx;tiff;tif;png;wav;mfcribbon-ms</Extensions>
    </Filter>
  </ItemGroup>
  <ItemGroup>
    <ClCompile Include="main.cpp">
      <Filter>Source Files</Filter>
    </ClCompile>
    <ClCompile Include="JoyEngine\JoyContext.cpp">
      <Filter>Source Files</Filter>
    </ClCompile>
    <ClCompile Include="JoyEngine\JoyEngine.cpp">
      <Filter>Source Files</Filter>
    </ClCompile>
    <ClCompile Include="WindowHandler.cpp">
      <Filter>Source Files</Filter>
    </ClCompile>
    <ClCompile Include="JoyEngine\Common\Serialization.cpp">
      <Filter>Source Files</Filter>
    </ClCompile>
    <ClCompile Include="JoyEngine\Common\SerializationUtils.cpp">
      <Filter>Source Files</Filter>
    </ClCompile>
    <ClCompile Include="JoyEngine\Common\Time.cpp">
      <Filter>Source Files</Filter>
    </ClCompile>
    <ClCompile Include="JoyEngine\InputManager\InputManager.cpp">
      <Filter>Source Files</Filter>
    </ClCompile>
    <ClCompile Include="JoyEngine\GraphicsManager\GraphicsManager.cpp">
      <Filter>Source Files</Filter>
    </ClCompile>
    <ClCompile Include="JoyEngine\RenderManager\RenderManager.cpp">
      <Filter>Source Files</Filter>
    </ClCompile>
    <ClCompile Include="JoyEngine\Common\CommandQueue.cpp">
      <Filter>Source Files</Filter>
    </ClCompile>
    <ClCompile Include="JoyEngine\DescriptorManager\DescriptorManager.cpp">
      <Filter>Source Files</Filter>
    </ClCompile>
    <ClCompile Include="JoyEngine\DataManager\DataManager.cpp">
      <Filter>Source Files</Filter>
    </ClCompile>
    <ClCompile Include="JoyEngine\MemoryManager\MemoryManager.cpp">
      <Filter>Source Files</Filter>
    </ClCompile>
    <ClCompile Include="JoyEngine\ResourceManager\Buffer.cpp">
      <Filter>Source Files</Filter>
    </ClCompile>
    <ClCompile Include="JoyEngine\ResourceManager\Texture.cpp">
      <Filter>Source Files</Filter>
    </ClCompile>
    <ClCompile Include="JoyEngine\ResourceManager\ResourceManager.cpp">
      <Filter>Source Files</Filter>
    </ClCompile>
    <ClCompile Include="JoyEngine\SceneManager\GameObject.cpp">
      <Filter>Source Files</Filter>
    </ClCompile>
    <ClCompile Include="JoyEngine\SceneManager\Scene.cpp">
      <Filter>Source Files</Filter>
    </ClCompile>
    <ClCompile Include="JoyEngine\SceneManager\SceneManager.cpp">
      <Filter>Source Files</Filter>
    </ClCompile>
    <ClCompile Include="JoyEngine\SceneManager\Transform.cpp">
      <Filter>Source Files</Filter>
    </ClCompile>
    <ClCompile Include="JoyEngine\Components\Camera.cpp">
      <Filter>Source Files</Filter>
    </ClCompile>
    <ClCompile Include="JoyEngine\Components\Component.cpp">
      <Filter>Source Files</Filter>
    </ClCompile>
    <ClCompile Include="JoyEngine\Components\Light.cpp">
      <Filter>Source Files</Filter>
    </ClCompile>
    <ClCompile Include="JoyEngine\Components\MeshRenderer.cpp">
      <Filter>Source Files</Filter>
    </ClCompile>
    <ClCompile Include="JoyEngine\ResourceManager\Mesh.cpp">
      <Filter>Source Files</Filter>
    </ClCompile>
    <ClCompile Include="JoyEngine\GameplayComponents\CameraBehaviour.cpp">
      <Filter>Source Files</Filter>
    </ClCompile>
    <ClCompile Include="JoyEngine\GameplayComponents\RoomBehaviour.cpp">
      <Filter>Source Files</Filter>
    </ClCompile>
    <ClCompile Include="JoyEngine\Utils\DummyMaterialProvider.cpp">
      <Filter>Source Files</Filter>
    </ClCompile>
    <ClCompile Include="JoyEngine\ResourceManager\Material.cpp">
      <Filter>Source Files</Filter>
    </ClCompile>
    <ClCompile Include="JoyEngine\ResourceManager\SharedMaterial.cpp">
      <Filter>Source Files</Filter>
    </ClCompile>
    <ClCompile Include="JoyEngine\ResourceManager\Shader.cpp">
      <Filter>Source Files</Filter>
    </ClCompile>
    <ClCompile Include="JoyEngine\ResourceManager\HeapHandle.cpp">
      <Filter>Source Files</Filter>
    </ClCompile>
    <ClCompile Include="JoyEngine\Components\ShadowCaster.cpp">
      <Filter>Source Files</Filter>
    </ClCompile>
  </ItemGroup>
  <ItemGroup>
    <ClInclude Include="JoyEngine\JoyContext.h">
      <Filter>Header Files</Filter>
    </ClInclude>
    <ClInclude Include="JoyEngine\JoyEngine.h">
      <Filter>Header Files</Filter>
    </ClInclude>
    <ClInclude Include="WindowHandler.h">
      <Filter>Header Files</Filter>
    </ClInclude>
    <ClInclude Include="JoyEngine\Utils\Assert.h">
      <Filter>Header Files</Filter>
    </ClInclude>
    <ClInclude Include="JoyEngine\Utils\FileUtils.h">
      <Filter>Header Files</Filter>
    </ClInclude>
    <ClInclude Include="JoyEngine\Utils\GUID.h">
      <Filter>Header Files</Filter>
    </ClInclude>
    <ClInclude Include="JoyEngine\Common\Color.h">
      <Filter>Header Files</Filter>
    </ClInclude>
    <ClInclude Include="JoyEngine\Common\HashDefs.h">
      <Filter>Header Files</Filter>
    </ClInclude>
    <ClInclude Include="JoyEngine\Common\Resource.h">
      <Filter>Header Files</Filter>
    </ClInclude>
    <ClInclude Include="JoyEngine\Common\Serializable.h">
      <Filter>Header Files</Filter>
    </ClInclude>
    <ClInclude Include="JoyEngine\Common\Serialization.h">
      <Filter>Header Files</Filter>
    </ClInclude>
    <ClInclude Include="JoyEngine\Common\SerializationUtils.h">
      <Filter>Header Files</Filter>
    </ClInclude>
    <ClInclude Include="JoyEngine\Common\Time.h">
      <Filter>Header Files</Filter>
    </ClInclude>
    <ClInclude Include="JoyEngine\InputManager\InputManager.h">
      <Filter>Header Files</Filter>
    </ClInclude>
    <ClInclude Include="JoyEngine\GraphicsManager\GraphicsManager.h">
      <Filter>Header Files</Filter>
    </ClInclude>
    <ClInclude Include="JoyEngine\RenderManager\RenderManager.h">
      <Filter>Header Files</Filter>
    </ClInclude>
    <ClInclude Include="JoyEngine\RenderManager\JoyTypes.h">
      <Filter>Header Files</Filter>
    </ClInclude>
    <ClInclude Include="JoyEngine\Common\CommandQueue.h">
      <Filter>Header Files</Filter>
    </ClInclude>
    <ClInclude Include="JoyEngine\DescriptorManager\DescriptorManager.h">
      <Filter>Header Files</Filter>
    </ClInclude>
    <ClInclude Include="JoyEngine\DataManager\DataManager.h">
      <Filter>Header Files</Filter>
    </ClInclude>
    <ClInclude Include="JoyEngine\MemoryManager\MemoryManager.h">
      <Filter>Header Files</Filter>
    </ClInclude>
    <ClInclude Include="JoyEngine\ResourceManager\Buffer.h">
      <Filter>Header Files</Filter>
    </ClInclude>
    <ClInclude Include="JoyEngine\d3dx12.h">
      <Filter>Header Files</Filter>
    </ClInclude>
    <ClInclude Include="JoyEngine\ResourceManager\Texture.h">
      <Filter>Header Files</Filter>
    </ClInclude>
    <ClInclude Include="JoyEngine\ResourceManager\ResourceManager.h">
      <Filter>Header Files</Filter>
    </ClInclude>
    <ClInclude Include="JoyEngine\SceneManager\GameObject.h">
      <Filter>Header Files</Filter>
    </ClInclude>
    <ClInclude Include="JoyEngine\SceneManager\Scene.h">
      <Filter>Header Files</Filter>
    </ClInclude>
    <ClInclude Include="JoyEngine\SceneManager\SceneManager.h">
      <Filter>Header Files</Filter>
    </ClInclude>
    <ClInclude Include="JoyEngine\SceneManager\Transform.h">
      <Filter>Header Files</Filter>
    </ClInclude>
    <ClInclude Include="JoyEngine\Components\Camera.h">
      <Filter>Header Files</Filter>
    </ClInclude>
    <ClInclude Include="JoyEngine\Components\Component.h">
      <Filter>Header Files</Filter>
    </ClInclude>
    <ClInclude Include="JoyEngine\Components\Light.h">
      <Filter>Header Files</Filter>
    </ClInclude>
    <ClInclude Include="JoyEngine\Components\MeshRenderer.h">
      <Filter>Header Files</Filter>
    </ClInclude>
    <ClInclude Include="JoyEngine\ResourceManager\Mesh.h">
      <Filter>Header Files</Filter>
    </ClInclude>
    <ClInclude Include="JoyEngine\GameplayComponents\CameraBehaviour.h">
      <Filter>Header Files</Filter>
    </ClInclude>
    <ClInclude Include="JoyEngine\GameplayComponents\RoomBehaviour.h">
      <Filter>Header Files</Filter>
    </ClInclude>
    <ClInclude Include="JoyEngine\Utils\DummyMaterialProvider.h">
      <Filter>Header Files</Filter>
    </ClInclude>
    <ClInclude Include="JoyEngine\ResourceManager\Material.h">
      <Filter>Header Files</Filter>
    </ClInclude>
    <ClInclude Include="JoyEngine\ResourceManager\SharedMaterial.h">
      <Filter>Header Files</Filter>
    </ClInclude>
    <ClInclude Include="JoyEngine\ResourceManager\ResourceHandle.h">
      <Filter>Header Files</Filter>
    </ClInclude>
    <ClInclude Include="JoyEngine\ResourceManager\Shader.h">
      <Filter>Header Files</Filter>
    </ClInclude>
    <ClInclude Include="JoyEngine\ResourceManager\HeapHandle.h">
      <Filter>Header Files</Filter>
    </ClInclude>
    <ClInclude Include="JoyEngine\Components\ShadowCaster.h">
      <Filter>Header Files</Filter>
    </ClInclude>
  </ItemGroup>
  <ItemGroup>
    <None Include="JoyData\shaders\gbufferwrite.hlsl" />
    <None Include="JoyData\shaders\vikingShader.hlsl" />
    <None Include="JoyData\shaders\lightprocessing.hlsl" />
    <None Include="JoyData\shaders\directionlightprocessing.hlsl" />
  </ItemGroup>
</Project>