<?xml version="1.0" encoding="utf-8"?>
<Project ToolsVersion="4.0" xmlns="http://schemas.microsoft.com/developer/msbuild/2003">
  <ItemGroup>
    <Filter Include="Source Files">
      <UniqueIdentifier>{4FC737F1-C7A5-4376-A066-2A32D752A2FF}</UniqueIdentifier>
      <Extensions>cpp;c;cc;cxx;c++;cppm;ixx;def;odl;idl;hpj;bat;asm;asmx</Extensions>
    </Filter>
    <Filter Include="Header Files">
      <UniqueIdentifier>{93995380-89BD-4b04-88EB-625FBE52EBFB}</UniqueIdentifier>
      <Extensions>h;hh;hpp;hxx;h++;hm;inl;inc;ipp;xsd</Extensions>
    </Filter>
    <Filter Include="Resource Files">
      <UniqueIdentifier>{67DA6AB6-F800-4c08-8B7A-83BB121AAD01}</UniqueIdentifier>
      <Extensions>rc;ico;cur;bmp;dlg;rc2;rct;bin;rgs;gif;jpg;jpeg;jpe;resx;tiff;tif;png;wav;mfcribbon-ms</Extensions>
    </Filter>
  </ItemGroup>
  <ItemGroup>
    <ClCompile Include="JoyEngine\main.cpp">
      <Filter>Source Files</Filter>
    </ClCompile>
    <ClCompile Include="JoyEngine\JoyEngine.cpp">
      <Filter>Source Files</Filter>
    </ClCompile>
    <ClCompile Include="JoyEngine\WindowHandler.cpp">
      <Filter>Source Files</Filter>
    </ClCompile>
    <ClCompile Include="JoyEngine\Common\Serialization.cpp">
      <Filter>Source Files</Filter>
    </ClCompile>
    <ClCompile Include="JoyEngine\Common\SerializationUtils.cpp">
      <Filter>Source Files</Filter>
    </ClCompile>
    <ClCompile Include="JoyEngine\Common\Time.cpp">
      <Filter>Source Files</Filter>
    </ClCompile>
    <ClCompile Include="JoyEngine\InputManager\InputManager.cpp">
      <Filter>Source Files</Filter>
    </ClCompile>
    <ClCompile Include="JoyEngine\GraphicsManager\GraphicsManager.cpp">
      <Filter>Source Files</Filter>
    </ClCompile>
    <ClCompile Include="JoyEngine\RenderManager\RenderManager.cpp">
      <Filter>Source Files</Filter>
    </ClCompile>
    <ClCompile Include="JoyEngine\Common\CommandQueue.cpp">
      <Filter>Source Files</Filter>
    </ClCompile>
    <ClCompile Include="JoyEngine\DescriptorManager\DescriptorManager.cpp">
      <Filter>Source Files</Filter>
    </ClCompile>
    <ClCompile Include="JoyEngine\DataManager\DataManager.cpp">
      <Filter>Source Files</Filter>
    </ClCompile>
    <ClCompile Include="JoyEngine\MemoryManager\MemoryManager.cpp">
      <Filter>Source Files</Filter>
    </ClCompile>
    <ClCompile Include="JoyEngine\ResourceManager\Buffers\Buffer.cpp">
      <Filter>Source Files</Filter>
    </ClCompile>
    <ClCompile Include="JoyEngine\ResourceManager\Texture.cpp">
      <Filter>Source Files</Filter>
    </ClCompile>
    <ClCompile Include="JoyEngine\ResourceManager\ResourceManager.cpp">
      <Filter>Source Files</Filter>
    </ClCompile>
    <ClCompile Include="JoyEngine\SceneManager\GameObject.cpp">
      <Filter>Source Files</Filter>
    </ClCompile>
    <ClCompile Include="JoyEngine\SceneManager\Scene.cpp">
      <Filter>Source Files</Filter>
    </ClCompile>
    <ClCompile Include="JoyEngine\SceneManager\SceneManager.cpp">
      <Filter>Source Files</Filter>
    </ClCompile>
    <ClCompile Include="JoyEngine\SceneManager\Transform.cpp">
      <Filter>Source Files</Filter>
    </ClCompile>
    <ClCompile Include="JoyEngine\Components\Camera.cpp">
      <Filter>Source Files</Filter>
    </ClCompile>
    <ClCompile Include="JoyEngine\Components\Component.cpp">
      <Filter>Source Files</Filter>
    </ClCompile>
    <ClCompile Include="JoyEngine\Components\Light.cpp">
      <Filter>Source Files</Filter>
    </ClCompile>
    <ClCompile Include="JoyEngine\Components\MeshRenderer.cpp">
      <Filter>Source Files</Filter>
    </ClCompile>
    <ClCompile Include="JoyEngine\ResourceManager\Mesh.cpp">
      <Filter>Source Files</Filter>
    </ClCompile>
    <ClCompile Include="JoyEngine\GameplayComponents\CameraBehaviour.cpp">
      <Filter>Source Files</Filter>
    </ClCompile>
    <ClCompile Include="JoyEngine\GameplayComponents\RoomBehaviour.cpp">
      <Filter>Source Files</Filter>
    </ClCompile>
    <ClCompile Include="JoyEngine\EngineDataProvider\EngineDataProvider.cpp">
      <Filter>Source Files</Filter>
    </ClCompile>
    <ClCompile Include="JoyEngine\ResourceManager\Material.cpp">
      <Filter>Source Files</Filter>
    </ClCompile>
    <ClCompile Include="JoyEngine\ResourceManager\SharedMaterial.cpp">
      <Filter>Source Files</Filter>
    </ClCompile>
    <ClCompile Include="JoyEngine\ResourceManager\Shader.cpp">
      <Filter>Source Files</Filter>
    </ClCompile>
    <ClCompile Include="JoyEngine\ResourceManager\ResourceView.cpp">
      <Filter>Source Files</Filter>
    </ClCompile>
    <ClCompile Include="JoyEngine\Common\CameraUnit.cpp">
      <Filter>Source Files</Filter>
    </ClCompile>
    <ClCompile Include="JoyEngine\ResourceManager\MtlBinaryParser.cpp">
      <Filter>Source Files</Filter>
    </ClCompile>
    <ClCompile Include="JoyEngine\MemoryManager\LinearMemoryAllocator.cpp">
      <Filter>Source Files</Filter>
    </ClCompile>
    <ClCompile Include="JoyEngine\RenderManager\Tonemapping.cpp">
      <Filter>Source Files</Filter>
    </ClCompile>
    <ClCompile Include="JoyEngine\ResourceManager\Buffers\DynamicCpuBuffer.cpp">
      <Filter>Source Files</Filter>
    </ClCompile>
    <ClCompile Include="JoyEngine\Utils\GraphicsUtils.cpp">
      <Filter>Source Files</Filter>
    </ClCompile>
    <ClCompile Include="JoyEngine\ResourceManager\Buffers\ConstantCpuBuffer.cpp">
      <Filter>Source Files</Filter>
    </ClCompile>
    <ClCompile Include="JoyEngine\RenderManager\Raytracing\SW\SoftwareRaytracedDDGI.cpp">
      <Filter>Source Files</Filter>
    </ClCompile>
    <ClCompile Include="JoyEngine\RenderManager\Raytracing\SW\BufferSorter.cpp">
      <Filter>Source Files</Filter>
    </ClCompile>
    <ClCompile Include="JoyEngine\ResourceManager\ShaderCompiler.cpp">
      <Filter>Source Files</Filter>
    </ClCompile>
    <ClCompile Include="JoyEngine\RenderManager\ComputeDispatcher.cpp">
      <Filter>Source Files</Filter>
    </ClCompile>
    <ClCompile Include="JoyEngine\Utils\Log.cpp">
      <Filter>Source Files</Filter>
    </ClCompile>
    <ClCompile Include="JoyEngine\RenderManager\Raytracing\SW\BVHConstructor.cpp">
      <Filter>Source Files</Filter>
    </ClCompile>
    <ClCompile Include="JoyEngine\ResourceManager\Buffers\UAVGpuBuffer.cpp">
      <Filter>Source Files</Filter>
    </ClCompile>
    <ClCompile Include="ThirdParty\imgui\imgui.cpp">
      <Filter>Source Files</Filter>
    </ClCompile>
    <ClCompile Include="ThirdParty\imgui\imgui_demo.cpp">
      <Filter>Source Files</Filter>
    </ClCompile>
    <ClCompile Include="ThirdParty\imgui\imgui_draw.cpp">
      <Filter>Source Files</Filter>
    </ClCompile>
    <ClCompile Include="ThirdParty\imgui\imgui_tables.cpp">
      <Filter>Source Files</Filter>
    </ClCompile>
    <ClCompile Include="ThirdParty\imgui\imgui_widgets.cpp">
      <Filter>Source Files</Filter>
    </ClCompile>
    <ClCompile Include="ThirdParty\imgui\backends\imgui_impl_dx12.cpp">
      <Filter>Source Files</Filter>
    </ClCompile>
    <ClCompile Include="ThirdParty\imgui\backends\imgui_impl_win32.cpp">
      <Filter>Source Files</Filter>
    </ClCompile>
    <ClCompile Include="JoyEngine\RenderManager\GBuffer.cpp">
      <Filter>Source Files</Filter>
    </ClCompile>
    <ClCompile Include="JoyEngine\RenderManager\Skybox.cpp">
      <Filter>Source Files</Filter>
    </ClCompile>
    <ClCompile Include="JoyEngine\RenderManager\RenderState.cpp">
      <Filter>Source Files</Filter>
    </ClCompile>
    <ClCompile Include="JoyEngine\RenderManager\LightSystems\ClusteredLightSystem.cpp">
      <Filter>Source Files</Filter>
    </ClCompile>
    <ClCompile Include="JoyEngine\RenderManager\TransformProvider.cpp">
      <Filter>Source Files</Filter>
    </ClCompile>
    <ClCompile Include="JoyEngine\GameplayComponents\LightBehaviour.cpp">
      <Filter>Source Files</Filter>
    </ClCompile>
    <ClCompile Include="JoyEngine\RenderManager\Raytracing\HW\HardwareRaytracedDDGI.cpp">
      <Filter>Source Files</Filter>
    </ClCompile>
    <ClCompile Include="JoyEngine\ResourceManager\Pipelines\RaytracingPipeline.cpp">
      <Filter>Source Files</Filter>
    </ClCompile>
    <ClCompile Include="JoyEngine\ResourceManager\Pipelines\ShaderInputContainer.cpp">
      <Filter>Source Files</Filter>
    </ClCompile>
    <ClCompile Include="JoyEngine\ResourceManager\Pipelines\AbstractPipelineObject.cpp">
      <Filter>Source Files</Filter>
    </ClCompile>
    <ClCompile Include="JoyEngine\ResourceManager\Pipelines\ComputePipeline.cpp">
      <Filter>Source Files</Filter>
    </ClCompile>
    <ClCompile Include="JoyEngine\ResourceManager\Pipelines\GraphicsPipeline.cpp">
      <Filter>Source Files</Filter>
    </ClCompile>
    <ClCompile Include="JoyEngine\RenderManager\Raytracing\RaytracedDDGIDataContainer.cpp">
      <Filter>Source Files</Filter>
    </ClCompile>
    <ClCompile Include="JoyEngine\Common\Math\MathTypes.cpp">
      <Filter>Source Files</Filter>
    </ClCompile>
    <ClCompile Include="JoyEngine\EngineDataProvider\MeshContainer.cpp">
      <Filter>Source Files</Filter>
    </ClCompile>
    <ClCompile Include="JoyEngine\Common\Allocators\LinearAllocator.cpp">
      <Filter>Source Files</Filter>
    </ClCompile>
  </ItemGroup>
  <ItemGroup>
    <ClInclude Include="JoyEngine\JoyEngine.h">
      <Filter>Header Files</Filter>
    </ClInclude>
    <ClInclude Include="JoyEngine\WindowHandler.h">
      <Filter>Header Files</Filter>
    </ClInclude>
    <ClInclude Include="JoyEngine\Utils\Assert.h">
      <Filter>Header Files</Filter>
    </ClInclude>
    <ClInclude Include="JoyEngine\Utils\FileUtils.h">
      <Filter>Header Files</Filter>
    </ClInclude>
    <ClInclude Include="JoyEngine\Common\Color.h">
      <Filter>Header Files</Filter>
    </ClInclude>
    <ClInclude Include="JoyEngine\Common\HashDefs.h">
      <Filter>Header Files</Filter>
    </ClInclude>
    <ClInclude Include="JoyEngine\Common\Resource.h">
      <Filter>Header Files</Filter>
    </ClInclude>
    <ClInclude Include="JoyEngine\Common\Serializable.h">
      <Filter>Header Files</Filter>
    </ClInclude>
    <ClInclude Include="JoyEngine\Common\Serialization.h">
      <Filter>Header Files</Filter>
    </ClInclude>
    <ClInclude Include="JoyEngine\Common\SerializationUtils.h">
      <Filter>Header Files</Filter>
    </ClInclude>
    <ClInclude Include="JoyEngine\Common\Time.h">
      <Filter>Header Files</Filter>
    </ClInclude>
    <ClInclude Include="JoyEngine\InputManager\InputManager.h">
      <Filter>Header Files</Filter>
    </ClInclude>
    <ClInclude Include="JoyEngine\GraphicsManager\GraphicsManager.h">
      <Filter>Header Files</Filter>
    </ClInclude>
    <ClInclude Include="JoyEngine\RenderManager\RenderManager.h">
      <Filter>Header Files</Filter>
    </ClInclude>
    <ClInclude Include="JoyEngine\CommonEngineStructs.h">
      <Filter>Header Files</Filter>
    </ClInclude>
    <ClInclude Include="JoyEngine\Common\CommandQueue.h">
      <Filter>Header Files</Filter>
    </ClInclude>
    <ClInclude Include="JoyEngine\DescriptorManager\DescriptorManager.h">
      <Filter>Header Files</Filter>
    </ClInclude>
    <ClInclude Include="JoyEngine\DataManager\DataManager.h">
      <Filter>Header Files</Filter>
    </ClInclude>
    <ClInclude Include="JoyEngine\MemoryManager\MemoryManager.h">
      <Filter>Header Files</Filter>
    </ClInclude>
    <ClInclude Include="JoyEngine\ResourceManager\Buffers\Buffer.h">
      <Filter>Header Files</Filter>
    </ClInclude>
    <ClInclude Include="JoyEngine\d3dx12.h">
      <Filter>Header Files</Filter>
    </ClInclude>
    <ClInclude Include="JoyEngine\ResourceManager\Texture.h">
      <Filter>Header Files</Filter>
    </ClInclude>
    <ClInclude Include="JoyEngine\ResourceManager\ResourceManager.h">
      <Filter>Header Files</Filter>
    </ClInclude>
    <ClInclude Include="JoyEngine\SceneManager\GameObject.h">
      <Filter>Header Files</Filter>
    </ClInclude>
    <ClInclude Include="JoyEngine\SceneManager\Scene.h">
      <Filter>Header Files</Filter>
    </ClInclude>
    <ClInclude Include="JoyEngine\SceneManager\SceneManager.h">
      <Filter>Header Files</Filter>
    </ClInclude>
    <ClInclude Include="JoyEngine\SceneManager\Transform.h">
      <Filter>Header Files</Filter>
    </ClInclude>
    <ClInclude Include="JoyEngine\Components\Camera.h">
      <Filter>Header Files</Filter>
    </ClInclude>
    <ClInclude Include="JoyEngine\Components\Component.h">
      <Filter>Header Files</Filter>
    </ClInclude>
    <ClInclude Include="JoyEngine\Components\Light.h">
      <Filter>Header Files</Filter>
    </ClInclude>
    <ClInclude Include="JoyEngine\Components\MeshRenderer.h">
      <Filter>Header Files</Filter>
    </ClInclude>
    <ClInclude Include="JoyEngine\ResourceManager\Mesh.h">
      <Filter>Header Files</Filter>
    </ClInclude>
    <ClInclude Include="JoyEngine\GameplayComponents\CameraBehaviour.h">
      <Filter>Header Files</Filter>
    </ClInclude>
    <ClInclude Include="JoyEngine\GameplayComponents\RoomBehaviour.h">
      <Filter>Header Files</Filter>
    </ClInclude>
    <ClInclude Include="JoyEngine\EngineDataProvider\EngineDataProvider.h">
      <Filter>Header Files</Filter>
    </ClInclude>
    <ClInclude Include="JoyEngine\ResourceManager\Material.h">
      <Filter>Header Files</Filter>
    </ClInclude>
    <ClInclude Include="JoyEngine\ResourceManager\SharedMaterial.h">
      <Filter>Header Files</Filter>
    </ClInclude>
    <ClInclude Include="JoyEngine\ResourceManager\ResourceHandle.h">
      <Filter>Header Files</Filter>
    </ClInclude>
    <ClInclude Include="JoyEngine\ResourceManager\Shader.h">
      <Filter>Header Files</Filter>
    </ClInclude>
    <ClInclude Include="JoyEngine\ResourceManager\ResourceView.h">
      <Filter>Header Files</Filter>
    </ClInclude>
    <ClInclude Include="JoyEngine\Common\CameraUnit.h">
      <Filter>Header Files</Filter>
    </ClInclude>
    <ClInclude Include="JoyEngine\ResourceManager\DDS.h">
      <Filter>Header Files</Filter>
    </ClInclude>
    <ClInclude Include="JoyEngine\ResourceManager\MtlBinaryParser.h">
      <Filter>Header Files</Filter>
    </ClInclude>
    <ClInclude Include="JoyEngine\MemoryManager\LinearMemoryAllocator.h">
      <Filter>Header Files</Filter>
    </ClInclude>
    <ClInclude Include="JoyEngine\Common\Singleton.h">
      <Filter>Header Files</Filter>
    </ClInclude>
    <ClInclude Include="JoyEngine\RenderManager\Tonemapping.h">
      <Filter>Header Files</Filter>
    </ClInclude>
    <ClInclude Include="JoyEngine\ResourceManager\Buffers\DynamicCpuBuffer.h">
      <Filter>Header Files</Filter>
    </ClInclude>
    <ClInclude Include="JoyEngine\Utils\GraphicsUtils.h">
      <Filter>Header Files</Filter>
    </ClInclude>
    <ClInclude Include="JoyEngine\ResourceManager\Buffers\ConstantCpuBuffer.h">
      <Filter>Header Files</Filter>
    </ClInclude>
    <ClInclude Include="JoyEngine\RenderManager\Raytracing\SW\SoftwareRaytracedDDGI.h">
      <Filter>Header Files</Filter>
    </ClInclude>
    <ClInclude Include="JoyEngine\Utils\TimeCounter.h">
      <Filter>Header Files</Filter>
    </ClInclude>
    <ClInclude Include="JoyEngine\RenderManager\Raytracing\SW\BufferSorter.h">
      <Filter>Header Files</Filter>
    </ClInclude>
    <ClInclude Include="JoyEngine\RenderManager\Raytracing\DataBuffer.h">
      <Filter>Header Files</Filter>
    </ClInclude>
    <ClInclude Include="JoyEngine\ResourceManager\ShaderCompiler.h">
      <Filter>Header Files</Filter>
    </ClInclude>
    <ClInclude Include="JoyEngine\RenderManager\ComputeDispatcher.h">
      <Filter>Header Files</Filter>
    </ClInclude>
    <ClInclude Include="JoyEngine\Utils\Log.h">
      <Filter>Header Files</Filter>
    </ClInclude>
    <ClInclude Include="JoyEngine\RenderManager\Raytracing\SW\BVHConstructor.h">
      <Filter>Header Files</Filter>
    </ClInclude>
    <ClInclude Include="JoyEngine\ResourceManager\Buffers\UAVGpuBuffer.h">
      <Filter>Header Files</Filter>
    </ClInclude>
    <ClInclude Include="JoyEngine\RenderManager\IRenderManager.h">
      <Filter>Header Files</Filter>
    </ClInclude>
    <ClInclude Include="ThirdParty\imgui\imstb_truetype.h">
      <Filter>Header Files</Filter>
    </ClInclude>
    <ClInclude Include="ThirdParty\imgui\imconfig.h">
      <Filter>Header Files</Filter>
    </ClInclude>
    <ClInclude Include="ThirdParty\imgui\imgui.h">
      <Filter>Header Files</Filter>
    </ClInclude>
    <ClInclude Include="ThirdParty\imgui\imgui_internal.h">
      <Filter>Header Files</Filter>
    </ClInclude>
    <ClInclude Include="ThirdParty\imgui\imstb_rectpack.h">
      <Filter>Header Files</Filter>
    </ClInclude>
    <ClInclude Include="ThirdParty\imgui\imstb_textedit.h">
      <Filter>Header Files</Filter>
    </ClInclude>
    <ClInclude Include="ThirdParty\imgui\backends\imgui_impl_dx12.h">
      <Filter>Header Files</Filter>
    </ClInclude>
    <ClInclude Include="ThirdParty\imgui\backends\imgui_impl_win32.h">
      <Filter>Header Files</Filter>
    </ClInclude>
    <ClInclude Include="JoyEngine\ResourceManager\Buffers\DynamicBufferPool.h">
      <Filter>Header Files</Filter>
    </ClInclude>
    <ClInclude Include="JoyEngine\JoyAssetHeaders.h">
      <Filter>Header Files</Filter>
    </ClInclude>
    <ClInclude Include="JoyEngine\RenderManager\GBuffer.h">
      <Filter>Header Files</Filter>
    </ClInclude>
    <ClInclude Include="JoyEngine\RenderManager\Skybox.h">
      <Filter>Header Files</Filter>
    </ClInclude>
    <ClInclude Include="JoyEngine\RenderManager\RenderState.h">
      <Filter>Header Files</Filter>
    </ClInclude>
    <ClInclude Include="JoyEngine\RenderManager\LightSystems\ClusteredLightSystem.h">
      <Filter>Header Files</Filter>
    </ClInclude>
    <ClInclude Include="JoyEngine\RenderManager\LightSystems\ILightSystem.h">
      <Filter>Header Files</Filter>
    </ClInclude>
    <ClInclude Include="JoyEngine\RenderManager\TransformProvider.h">
      <Filter>Header Files</Filter>
    </ClInclude>
    <ClInclude Include="JoyEngine\GameplayComponents\LightBehaviour.h">
      <Filter>Header Files</Filter>
    </ClInclude>
    <ClInclude Include="JoyEngine\RenderManager\Raytracing\HW\HardwareRaytracedDDGI.h">
      <Filter>Header Files</Filter>
    </ClInclude>
    <ClInclude Include="JoyEngine\ResourceManager\Pipelines\RaytracingPipeline.h">
      <Filter>Header Files</Filter>
    </ClInclude>
    <ClInclude Include="JoyEngine\ResourceManager\Pipelines\ShaderInputContainer.h">
      <Filter>Header Files</Filter>
    </ClInclude>
    <ClInclude Include="JoyEngine\ResourceManager\Pipelines\AbstractPipelineObject.h">
      <Filter>Header Files</Filter>
    </ClInclude>
    <ClInclude Include="JoyEngine\ResourceManager\Pipelines\ComputePipeline.h">
      <Filter>Header Files</Filter>
    </ClInclude>
    <ClInclude Include="JoyEngine\ResourceManager\Pipelines\GraphicsPipeline.h">
      <Filter>Header Files</Filter>
    </ClInclude>
    <ClInclude Include="JoyEngine\RenderManager\Raytracing\RaytracedDDGIDataContainer.h">
      <Filter>Header Files</Filter>
    </ClInclude>
    <ClInclude Include="JoyEngine\RenderManager\Raytracing\AbstractRaytracedDDGI.h">
      <Filter>Header Files</Filter>
    </ClInclude>
    <ClInclude Include="JoyEngine\Common\Math\MathTypes.h">
      <Filter>Header Files</Filter>
    </ClInclude>
    <ClInclude Include="JoyEngine\EngineDataProvider\MeshContainer.h">
      <Filter>Header Files</Filter>
    </ClInclude>
    <ClInclude Include="JoyEngine\Common\Allocators\LinearAllocator.h">
      <Filter>Header Files</Filter>
    </ClInclude>
    <ClInclude Include="JoyEngine\Common\Math\MathUtils.h">
      <Filter>Header Files</Filter>
    </ClInclude>
  </ItemGroup>
  <ItemGroup>
    <None Include="JoyData\shaders\vikingShader.hlsl" />
    <None Include="JoyData\shaders\lightprocessing.hlsl" />
    <None Include="JoyData\shaders\directionlightprocessing.hlsl" />
    <None Include="JoyData\shaders\shadowprocessing.hlsl" />
    <None Include="JoyData\shaders\shadowpointprocessing.hlsl" />
    <None Include="JoyData\shaders\annaShader.hlsl" />
    <None Include="JoyData\shaders\generateMipMaps.hlsl" />
    <None Include="JoyData\shaders\particles.hlsl" />
    <None Include="JoyData\shaders\particlesbuffergeneration.hlsl" />
    <None Include="JoyData\shaders\dynamiccubemapreflections.hlsl" />
    <None Include="JoyData\shaders\fogpostprocess.hlsl" />
    <None Include="JoyData\shaders\hdrDownscaleFirstPass.hlsl" />
    <None Include="JoyData\shaders\hdrDownscaleSecondPass.hlsl" />
    <None Include="JoyData\shaders\hdrToLdrTransition.hlsl" />
    <None Include="JoyData\shaders\bloomBrightPass.hlsl" />
    <None Include="JoyData\shaders\bloomVerticalFilter.hlsl" />
    <None Include="JoyData\shaders\bloomHorizontalFilter.hlsl" />
    <None Include="JoyData\shaders\dynamiccubemapconvolition.hlsl" />
    <None Include="JoyData\shaders\ssaopostprocess.hlsl" />
    <None Include="JoyData\shaders\ssaoappend.hlsl" />
    <None Include="JoyData\shaders\ssaoblur.hlsl" />
    <None Include="JoyData\shaders\sslrpostprocess.hlsl" />
    <None Include="JoyData\shaders\gizmoAxisDrawer.hlsl" />
    <None Include="JoyData\shaders\sw_raytracing\LocalRadixSort.hlsl" />
    <None Include="JoyData\shaders\sw_raytracing\GlobalScan.hlsl" />
    <None Include="JoyData\shaders\sw_raytracing\BlockSum.hlsl" />
    <None Include="JoyData\shaders\sw_raytracing\PreScan.hlsl" />
    <None Include="JoyData\shaders\sw_raytracing\GlobalRadixSort.hlsl" />
    <None Include="JoyData\shaders\sw_raytracing\BVHTreeConstructor.hlsl" />
    <None Include="JoyData\shaders\sw_raytracing\BVHAABBMerger.hlsl" />
    <None Include="JoyData\shaders\sw_raytracing\gizmoAABBDrawer.hlsl" />
    <None Include="JoyData\shaders\sw_raytracing\debugImageCompose.hlsl" />
    <None Include="JoyData\shaders\skybox.hlsl" />
    <None Include="JoyData\shaders\sw_raytracing\debugDrawProbes.hlsl" />
    <None Include="JoyData\shaders\sw_raytracing\ProbeIrradiance.hlsl" />
    <None Include="JoyData\shaders\CommonInclude.hlsl" />
  </ItemGroup>
  <ItemGroup>
    <FxCompile Include="JoyData\shaders\hw_raytracing\Raytracing.hlsl" />
    <FxCompile Include="JoyData\shaders\sw_raytracing\Raytracing.hlsl" />
    <FxCompile Include="JoyData\shaders\standardShader.hlsl" />
    <FxCompile Include="JoyData\shaders\standard\standardPhong.hlsl" />
    <FxCompile Include="JoyData\shaders\deferredshadingprocessor.hlsl" />
  </ItemGroup>
</Project>