
Microsoft Visual Studio Solution File, Format Version 12.00
# Visual Studio Version 17
VisualStudioVersion = 17.1.31911.260
MinimumVisualStudioVersion = 10.0.40219.1
Project("{8BC9CEB8-8B4A-11D0-8D11-00A0C91BC942}") = "JoyEngineDX", "JoyEngineDX.vcxproj", "{D905D1CE-2783-416D-A489-EA9B22994E6E}"
EndProject
Global
	GlobalSection(SolutionConfigurationPlatforms) = preSolution
		Debug|x64 = Debug|x64
		Debug|x86 = Debug|x86
		Full Debug|x64 = Full Debug|x64
		Full Debug|x86 = Full Debug|x86
		Release|x64 = Release|x64
		Release|x86 = Release|x86
	EndGlobalSection
	GlobalSection(ProjectConfigurationPlatforms) = postSolution
		{D905D1CE-2783-416D-A489-EA9B22994E6E}.Debug|x64.ActiveCfg = Debug|x64
		{D905D1CE-2783-416D-A489-EA9B22994E6E}.Debug|x64.Build.0 = Debug|x64
		{D905D1CE-2783-416D-A489-EA9B22994E6E}.Debug|x86.ActiveCfg = Debug|Win32
		{D905D1CE-2783-416D-A489-EA9B22994E6E}.Debug|x86.Build.0 = Debug|Win32
		{D905D1CE-2783-416D-A489-EA9B22994E6E}.Full Debug|x64.ActiveCfg = Full Debug|x64
		{D905D1CE-2783-416D-A489-EA9B22994E6E}.Full Debug|x64.Build.0 = Full Debug|x64
		{D905D1CE-2783-416D-A489-EA9B22994E6E}.Full Debug|x86.ActiveCfg = Full Debug|Win32
		{D905D1CE-2783-416D-A489-EA9B22994E6E}.Full Debug|x86.Build.0 = Full Debug|Win32
		{D905D1CE-2783-416D-A489-EA9B22994E6E}.Release|x64.ActiveCfg = Release|x64
		{D905D1CE-2783-416D-A489-EA9B22994E6E}.Release|x64.Build.0 = Release|x64
		{D905D1CE-2783-416D-A489-EA9B22994E6E}.Release|x86.ActiveCfg = Release|Win32
		{D905D1CE-2783-416D-A489-EA9B22994E6E}.Release|x86.Build.0 = Release|Win32
	EndGlobalSection
	GlobalSection(SolutionProperties) = preSolution
		HideSolutionNode = FALSE
	EndGlobalSection
	GlobalSection(ExtensibilityGlobals) = postSolution
		SolutionGuid = {ACEB34E0-C045-40A2-A5BB-B2CECDE26FAB}
	EndGlobalSection
EndGlobal
